
Microsoft Visual Studio Solution File, Format Version 12.00
# Visual Studio Version 16
VisualStudioVersion = 16.0.31112.23
MinimumVisualStudioVersion = 10.0.40219.1
Project("{FAE04EC0-301F-11D3-BF4B-00C04F79EFBC}") = "LFT", "LFT.csproj", "{74DC7197-6576-48CC-BD8C-FE2E601CF10A}"
EndProject
Global
	GlobalSection(SolutionConfigurationPlatforms) = preSolution
		Debug|Any CPU = Debug|Any CPU
		Release|Any CPU = Release|Any CPU
	EndGlobalSection
	GlobalSection(ProjectConfigurationPlatforms) = postSolution
		{74DC7197-6576-48CC-BD8C-FE2E601CF10A}.Debug|Any CPU.ActiveCfg = Debug|Any CPU
		{74DC7197-6576-48CC-BD8C-FE2E601CF10A}.Debug|Any CPU.Build.0 = Debug|Any CPU
		{74DC7197-6576-48CC-BD8C-FE2E601CF10A}.Release|Any CPU.ActiveCfg = Release|Any CPU
		{74DC7197-6576-48CC-BD8C-FE2E601CF10A}.Release|Any CPU.Build.0 = Release|Any CPU
	EndGlobalSection
	GlobalSection(SolutionProperties) = preSolution
		HideSolutionNode = FALSE
	EndGlobalSection
	GlobalSection(ExtensibilityGlobals) = postSolution
		SolutionGuid = {07C5F00D-36E0-4EF3-B91C-500F395515BF}
	EndGlobalSection
EndGlobal
